
Microsoft Visual Studio Solution File, Format Version 12.00
# Visual Studio Version 17
VisualStudioVersion = 17.4.33110.190
MinimumVisualStudioVersion = 10.0.40219.1
Project("{FAE04EC0-301F-11D3-BF4B-00C04F79EFBC}") = "ADODZ1", "ADODZ1\ADODZ1.csproj", "{1D7224D3-1223-4621-96B4-E49E39BFBBE3}"
EndProject
Global
	GlobalSection(SolutionConfigurationPlatforms) = preSolution
		Debug|Any CPU = Debug|Any CPU
		Release|Any CPU = Release|Any CPU
	EndGlobalSection
	GlobalSection(ProjectConfigurationPlatforms) = postSolution
		{1D7224D3-1223-4621-96B4-E49E39BFBBE3}.Debug|Any CPU.ActiveCfg = Debug|Any CPU
		{1D7224D3-1223-4621-96B4-E49E39BFBBE3}.Debug|Any CPU.Build.0 = Debug|Any CPU
		{1D7224D3-1223-4621-96B4-E49E39BFBBE3}.Release|Any CPU.ActiveCfg = Release|Any CPU
		{1D7224D3-1223-4621-96B4-E49E39BFBBE3}.Release|Any CPU.Build.0 = Release|Any CPU
	EndGlobalSection
	GlobalSection(SolutionProperties) = preSolution
		HideSolutionNode = FALSE
	EndGlobalSection
	GlobalSection(ExtensibilityGlobals) = postSolution
		SolutionGuid = {98239F32-496E-4FC5-B22A-CCCB29AE2126}
	EndGlobalSection
EndGlobal
